// !$*UTF8*$!
{
	archiveVersion = 1;
	classes = {
	};
	objectVersion = 50;
	objects = {

/* Begin PBXBuildFile section */
		539774582105798C009A002F /* AppDelegate.swift in Sources */ = {isa = PBXBuildFile; fileRef = 539774572105798C009A002F /* AppDelegate.swift */; };
		5397745A2105798C009A002F /* LoginViewController.swift in Sources */ = {isa = PBXBuildFile; fileRef = 539774592105798C009A002F /* LoginViewController.swift */; };
		5397745D2105798C009A002F /* Main.storyboard in Resources */ = {isa = PBXBuildFile; fileRef = 5397745B2105798C009A002F /* Main.storyboard */; };
		5397745F21057993009A002F /* Assets.xcassets in Resources */ = {isa = PBXBuildFile; fileRef = 5397745E21057993009A002F /* Assets.xcassets */; };
		5397746221057994009A002F /* LaunchScreen.storyboard in Resources */ = {isa = PBXBuildFile; fileRef = 5397746021057994009A002F /* LaunchScreen.storyboard */; };
		5397747121058008009A002F /* Mina-Bold.ttf in Resources */ = {isa = PBXBuildFile; fileRef = 5397746E21058008009A002F /* Mina-Bold.ttf */; };
		5397747221058008009A002F /* Mina-Regular.ttf in Resources */ = {isa = PBXBuildFile; fileRef = 5397746F21058008009A002F /* Mina-Regular.ttf */; };
		5397747321058008009A002F /* OFL.txt in Resources */ = {isa = PBXBuildFile; fileRef = 5397747021058008009A002F /* OFL.txt */; };
		539774792105A845009A002F /* UITextFeild.swift in Sources */ = {isa = PBXBuildFile; fileRef = 539774782105A845009A002F /* UITextFeild.swift */; };
		5397747B2105B383009A002F /* ConversationViewController.swift in Sources */ = {isa = PBXBuildFile; fileRef = 5397747A2105B383009A002F /* ConversationViewController.swift */; };
		5397747F2105B46B009A002F /* Message.swift in Sources */ = {isa = PBXBuildFile; fileRef = 5397747E2105B46B009A002F /* Message.swift */; };
		539774822105C164009A002F /* InComingMessageTableViewCell.swift in Sources */ = {isa = PBXBuildFile; fileRef = 539774812105C164009A002F /* InComingMessageTableViewCell.swift */; };
		539774842105C236009A002F /* InComingImageTableViewCell.swift in Sources */ = {isa = PBXBuildFile; fileRef = 539774832105C236009A002F /* InComingImageTableViewCell.swift */; };
		539774862105C36B009A002F /* OutGoingMessageTableViewCell.swift in Sources */ = {isa = PBXBuildFile; fileRef = 539774852105C36B009A002F /* OutGoingMessageTableViewCell.swift */; };
		539774882105C400009A002F /* OutGoingImageTableViewCell.swift in Sources */ = {isa = PBXBuildFile; fileRef = 539774872105C400009A002F /* OutGoingImageTableViewCell.swift */; };
/* End PBXBuildFile section */

/* Begin PBXFileReference section */
		539774542105798C009A002F /* let's chat.app */ = {isa = PBXFileReference; explicitFileType = wrapper.application; includeInIndex = 0; path = "let's chat.app"; sourceTree = BUILT_PRODUCTS_DIR; };
		539774572105798C009A002F /* AppDelegate.swift */ = {isa = PBXFileReference; lastKnownFileType = sourcecode.swift; path = AppDelegate.swift; sourceTree = "<group>"; };
		539774592105798C009A002F /* LoginViewController.swift */ = {isa = PBXFileReference; lastKnownFileType = sourcecode.swift; path = LoginViewController.swift; sourceTree = "<group>"; };
		5397745C2105798C009A002F /* Base */ = {isa = PBXFileReference; lastKnownFileType = file.storyboard; name = Base; path = Base.lproj/Main.storyboard; sourceTree = "<group>"; };
		5397745E21057993009A002F /* Assets.xcassets */ = {isa = PBXFileReference; lastKnownFileType = folder.assetcatalog; path = Assets.xcassets; sourceTree = "<group>"; };
		5397746121057994009A002F /* Base */ = {isa = PBXFileReference; lastKnownFileType = file.storyboard; name = Base; path = Base.lproj/LaunchScreen.storyboard; sourceTree = "<group>"; };
		5397746321057994009A002F /* Info.plist */ = {isa = PBXFileReference; lastKnownFileType = text.plist.xml; path = Info.plist; sourceTree = "<group>"; };
		5397746E21058008009A002F /* Mina-Bold.ttf */ = {isa = PBXFileReference; lastKnownFileType = file; path = "Mina-Bold.ttf"; sourceTree = "<group>"; };
		5397746F21058008009A002F /* Mina-Regular.ttf */ = {isa = PBXFileReference; lastKnownFileType = file; path = "Mina-Regular.ttf"; sourceTree = "<group>"; };
		5397747021058008009A002F /* OFL.txt */ = {isa = PBXFileReference; fileEncoding = 4; lastKnownFileType = text; path = OFL.txt; sourceTree = "<group>"; };
		539774782105A845009A002F /* UITextFeild.swift */ = {isa = PBXFileReference; lastKnownFileType = sourcecode.swift; path = UITextFeild.swift; sourceTree = "<group>"; };
		5397747A2105B383009A002F /* ConversationViewController.swift */ = {isa = PBXFileReference; lastKnownFileType = sourcecode.swift; path = ConversationViewController.swift; sourceTree = "<group>"; };
		5397747E2105B46B009A002F /* Message.swift */ = {isa = PBXFileReference; lastKnownFileType = sourcecode.swift; path = Message.swift; sourceTree = "<group>"; };
		539774812105C164009A002F /* InComingMessageTableViewCell.swift */ = {isa = PBXFileReference; lastKnownFileType = sourcecode.swift; path = InComingMessageTableViewCell.swift; sourceTree = "<group>"; };
		539774832105C236009A002F /* InComingImageTableViewCell.swift */ = {isa = PBXFileReference; lastKnownFileType = sourcecode.swift; path = InComingImageTableViewCell.swift; sourceTree = "<group>"; };
		539774852105C36B009A002F /* OutGoingMessageTableViewCell.swift */ = {isa = PBXFileReference; lastKnownFileType = sourcecode.swift; path = OutGoingMessageTableViewCell.swift; sourceTree = "<group>"; };
		539774872105C400009A002F /* OutGoingImageTableViewCell.swift */ = {isa = PBXFileReference; lastKnownFileType = sourcecode.swift; path = OutGoingImageTableViewCell.swift; sourceTree = "<group>"; };
/* End PBXFileReference section */

/* Begin PBXFrameworksBuildPhase section */
		539774512105798C009A002F /* Frameworks */ = {
			isa = PBXFrameworksBuildPhase;
			buildActionMask = 2147483647;
			files = (
			);
			runOnlyForDeploymentPostprocessing = 0;
		};
/* End PBXFrameworksBuildPhase section */

/* Begin PBXGroup section */
		5397744B2105798C009A002F = {
			isa = PBXGroup;
			children = (
				539774562105798C009A002F /* let's chat */,
				539774552105798C009A002F /* Products */,
			);
			sourceTree = "<group>";
		};
		539774552105798C009A002F /* Products */ = {
			isa = PBXGroup;
			children = (
				539774542105798C009A002F /* let's chat.app */,
			);
			name = Products;
			sourceTree = "<group>";
		};
		539774562105798C009A002F /* let's chat */ = {
			isa = PBXGroup;
			children = (
				539774572105798C009A002F /* AppDelegate.swift */,
				539774802105B47A009A002F /* Model */,
				5397747521058014009A002F /* Common */,
				53977469210579F4009A002F /* View */,
				5397746C21057F84009A002F /* Controller */,
				5397746D21057F8C009A002F /* SupportingFile */,
			);
			path = "let's chat";
			sourceTree = "<group>";
		};
		53977469210579F4009A002F /* View */ = {
			isa = PBXGroup;
			children = (
				5397745B2105798C009A002F /* Main.storyboard */,
				539774892105C471009A002F /* TableViewCell */,
			);
			path = View;
			sourceTree = "<group>";
		};
		5397746C21057F84009A002F /* Controller */ = {
			isa = PBXGroup;
			children = (
				539774592105798C009A002F /* LoginViewController.swift */,
				5397747A2105B383009A002F /* ConversationViewController.swift */,
			);
			path = Controller;
			sourceTree = "<group>";
		};
		5397746D21057F8C009A002F /* SupportingFile */ = {
			isa = PBXGroup;
			children = (
				5397745E21057993009A002F /* Assets.xcassets */,
				5397746021057994009A002F /* LaunchScreen.storyboard */,
				5397746321057994009A002F /* Info.plist */,
			);
			path = SupportingFile;
			sourceTree = "<group>";
		};
		539774742105800E009A002F /* Font */ = {
			isa = PBXGroup;
			children = (
				5397746E21058008009A002F /* Mina-Bold.ttf */,
				5397746F21058008009A002F /* Mina-Regular.ttf */,
				5397747021058008009A002F /* OFL.txt */,
			);
			path = Font;
			sourceTree = "<group>";
		};
		5397747521058014009A002F /* Common */ = {
			isa = PBXGroup;
			children = (
				539774742105800E009A002F /* Font */,
				539774782105A845009A002F /* UITextFeild.swift */,
			);
			path = Common;
			sourceTree = "<group>";
		};
		539774802105B47A009A002F /* Model */ = {
			isa = PBXGroup;
			children = (
				5397747E2105B46B009A002F /* Message.swift */,
			);
			path = Model;
			sourceTree = "<group>";
		};
		539774892105C471009A002F /* TableViewCell */ = {
			isa = PBXGroup;
			children = (
				539774832105C236009A002F /* InComingImageTableViewCell.swift */,
				539774852105C36B009A002F /* OutGoingMessageTableViewCell.swift */,
				539774812105C164009A002F /* InComingMessageTableViewCell.swift */,
				539774872105C400009A002F /* OutGoingImageTableViewCell.swift */,
			);
			path = TableViewCell;
			sourceTree = "<group>";
		};
/* End PBXGroup section */

/* Begin PBXNativeTarget section */
		539774532105798C009A002F /* let's chat */ = {
			isa = PBXNativeTarget;
			buildConfigurationList = 5397746621057994009A002F /* Build configuration list for PBXNativeTarget "let's chat" */;
			buildPhases = (
				539774502105798C009A002F /* Sources */,
				539774512105798C009A002F /* Frameworks */,
				539774522105798C009A002F /* Resources */,
			);
			buildRules = (
			);
			dependencies = (
			);
			name = "let's chat";
			productName = "let's chat";
			productReference = 539774542105798C009A002F /* let's chat.app */;
			productType = "com.apple.product-type.application";
		};
/* End PBXNativeTarget section */

/* Begin PBXProject section */
		5397744C2105798C009A002F /* Project object */ = {
			isa = PBXProject;
			attributes = {
				LastSwiftUpdateCheck = 0940;
				LastUpgradeCheck = 0940;
				ORGANIZATIONNAME = "PM Academy 3";
				TargetAttributes = {
					539774532105798C009A002F = {
						CreatedOnToolsVersion = 9.4.1;
					};
				};
			};
			buildConfigurationList = 5397744F2105798C009A002F /* Build configuration list for PBXProject "let's chat" */;
			compatibilityVersion = "Xcode 9.3";
			developmentRegion = en;
			hasScannedForEncodings = 0;
			knownRegions = (
				en,
				Base,
			);
			mainGroup = 5397744B2105798C009A002F;
			productRefGroup = 539774552105798C009A002F /* Products */;
			projectDirPath = "";
			projectRoot = "";
			targets = (
				539774532105798C009A002F /* let's chat */,
			);
		};
/* End PBXProject section */

/* Begin PBXResourcesBuildPhase section */
		539774522105798C009A002F /* Resources */ = {
			isa = PBXResourcesBuildPhase;
			buildActionMask = 2147483647;
			files = (
				5397747321058008009A002F /* OFL.txt in Resources */,
				5397747221058008009A002F /* Mina-Regular.ttf in Resources */,
				5397747121058008009A002F /* Mina-Bold.ttf in Resources */,
				5397746221057994009A002F /* LaunchScreen.storyboard in Resources */,
				5397745F21057993009A002F /* Assets.xcassets in Resources */,
				5397745D2105798C009A002F /* Main.storyboard in Resources */,
			);
			runOnlyForDeploymentPostprocessing = 0;
		};
/* End PBXResourcesBuildPhase section */

/* Begin PBXSourcesBuildPhase section */
		539774502105798C009A002F /* Sources */ = {
			isa = PBXSourcesBuildPhase;
			buildActionMask = 2147483647;
			files = (
				5397745A2105798C009A002F /* LoginViewController.swift in Sources */,
				539774842105C236009A002F /* InComingImageTableViewCell.swift in Sources */,
				539774792105A845009A002F /* UITextFeild.swift in Sources */,
				5397747F2105B46B009A002F /* Message.swift in Sources */,
				539774822105C164009A002F /* InComingMessageTableViewCell.swift in Sources */,
				539774862105C36B009A002F /* OutGoingMessageTableViewCell.swift in Sources */,
				539774882105C400009A002F /* OutGoingImageTableViewCell.swift in Sources */,
				5397747B2105B383009A002F /* ConversationViewController.swift in Sources */,
				539774582105798C009A002F /* AppDelegate.swift in Sources */,
			);
			runOnlyForDeploymentPostprocessing = 0;
		};
/* End PBXSourcesBuildPhase section */

/* Begin PBXVariantGroup section */
		5397745B2105798C009A002F /* Main.storyboard */ = {
			isa = PBXVariantGroup;
			children = (
				5397745C2105798C009A002F /* Base */,
			);
			name = Main.storyboard;
			sourceTree = "<group>";
		};
		5397746021057994009A002F /* LaunchScreen.storyboard */ = {
			isa = PBXVariantGroup;
			children = (
				5397746121057994009A002F /* Base */,
			);
			name = LaunchScreen.storyboard;
			sourceTree = "<group>";
		};
/* End PBXVariantGroup section */

/* Begin XCBuildConfiguration section */
		5397746421057994009A002F /* Debug */ = {
			isa = XCBuildConfiguration;
			buildSettings = {
				ALWAYS_SEARCH_USER_PATHS = NO;
				CLANG_ANALYZER_NONNULL = YES;
				CLANG_ANALYZER_NUMBER_OBJECT_CONVERSION = YES_AGGRESSIVE;
				CLANG_CXX_LANGUAGE_STANDARD = "gnu++14";
				CLANG_CXX_LIBRARY = "libc++";
				CLANG_ENABLE_MODULES = YES;
				CLANG_ENABLE_OBJC_ARC = YES;
				CLANG_ENABLE_OBJC_WEAK = YES;
				CLANG_WARN_BLOCK_CAPTURE_AUTORELEASING = YES;
				CLANG_WARN_BOOL_CONVERSION = YES;
				CLANG_WARN_COMMA = YES;
				CLANG_WARN_CONSTANT_CONVERSION = YES;
				CLANG_WARN_DEPRECATED_OBJC_IMPLEMENTATIONS = YES;
				CLANG_WARN_DIRECT_OBJC_ISA_USAGE = YES_ERROR;
				CLANG_WARN_DOCUMENTATION_COMMENTS = YES;
				CLANG_WARN_EMPTY_BODY = YES;
				CLANG_WARN_ENUM_CONVERSION = YES;
				CLANG_WARN_INFINITE_RECURSION = YES;
				CLANG_WARN_INT_CONVERSION = YES;
				CLANG_WARN_NON_LITERAL_NULL_CONVERSION = YES;
				CLANG_WARN_OBJC_IMPLICIT_RETAIN_SELF = YES;
				CLANG_WARN_OBJC_LITERAL_CONVERSION = YES;
				CLANG_WARN_OBJC_ROOT_CLASS = YES_ERROR;
				CLANG_WARN_RANGE_LOOP_ANALYSIS = YES;
				CLANG_WARN_STRICT_PROTOTYPES = YES;
				CLANG_WARN_SUSPICIOUS_MOVE = YES;
				CLANG_WARN_UNGUARDED_AVAILABILITY = YES_AGGRESSIVE;
				CLANG_WARN_UNREACHABLE_CODE = YES;
				CLANG_WARN__DUPLICATE_METHOD_MATCH = YES;
				CODE_SIGN_IDENTITY = "iPhone Developer";
				COPY_PHASE_STRIP = NO;
				DEBUG_INFORMATION_FORMAT = dwarf;
				ENABLE_STRICT_OBJC_MSGSEND = YES;
				ENABLE_TESTABILITY = YES;
				GCC_C_LANGUAGE_STANDARD = gnu11;
				GCC_DYNAMIC_NO_PIC = NO;
				GCC_NO_COMMON_BLOCKS = YES;
				GCC_OPTIMIZATION_LEVEL = 0;
				GCC_PREPROCESSOR_DEFINITIONS = (
					"DEBUG=1",
					"$(inherited)",
				);
				GCC_WARN_64_TO_32_BIT_CONVERSION = YES;
				GCC_WARN_ABOUT_RETURN_TYPE = YES_ERROR;
				GCC_WARN_UNDECLARED_SELECTOR = YES;
				GCC_WARN_UNINITIALIZED_AUTOS = YES_AGGRESSIVE;
				GCC_WARN_UNUSED_FUNCTION = YES;
				GCC_WARN_UNUSED_VARIABLE = YES;
				IPHONEOS_DEPLOYMENT_TARGET = 11.4;
				MTL_ENABLE_DEBUG_INFO = YES;
				ONLY_ACTIVE_ARCH = YES;
				SDKROOT = iphoneos;
				SWIFT_ACTIVE_COMPILATION_CONDITIONS = DEBUG;
				SWIFT_OPTIMIZATION_LEVEL = "-Onone";
			};
			name = Debug;
		};
		5397746521057994009A002F /* Release */ = {
			isa = XCBuildConfiguration;
			buildSettings = {
				ALWAYS_SEARCH_USER_PATHS = NO;
				CLANG_ANALYZER_NONNULL = YES;
				CLANG_ANALYZER_NUMBER_OBJECT_CONVERSION = YES_AGGRESSIVE;
				CLANG_CXX_LANGUAGE_STANDARD = "gnu++14";
				CLANG_CXX_LIBRARY = "libc++";
				CLANG_ENABLE_MODULES = YES;
				CLANG_ENABLE_OBJC_ARC = YES;
				CLANG_ENABLE_OBJC_WEAK = YES;
				CLANG_WARN_BLOCK_CAPTURE_AUTORELEASING = YES;
				CLANG_WARN_BOOL_CONVERSION = YES;
				CLANG_WARN_COMMA = YES;
				CLANG_WARN_CONSTANT_CONVERSION = YES;
				CLANG_WARN_DEPRECATED_OBJC_IMPLEMENTATIONS = YES;
				CLANG_WARN_DIRECT_OBJC_ISA_USAGE = YES_ERROR;
				CLANG_WARN_DOCUMENTATION_COMMENTS = YES;
				CLANG_WARN_EMPTY_BODY = YES;
				CLANG_WARN_ENUM_CONVERSION = YES;
				CLANG_WARN_INFINITE_RECURSION = YES;
				CLANG_WARN_INT_CONVERSION = YES;
				CLANG_WARN_NON_LITERAL_NULL_CONVERSION = YES;
				CLANG_WARN_OBJC_IMPLICIT_RETAIN_SELF = YES;
				CLANG_WARN_OBJC_LITERAL_CONVERSION = YES;
				CLANG_WARN_OBJC_ROOT_CLASS = YES_ERROR;
				CLANG_WARN_RANGE_LOOP_ANALYSIS = YES;
				CLANG_WARN_STRICT_PROTOTYPES = YES;
				CLANG_WARN_SUSPICIOUS_MOVE = YES;
				CLANG_WARN_UNGUARDED_AVAILABILITY = YES_AGGRESSIVE;
				CLANG_WARN_UNREACHABLE_CODE = YES;
				CLANG_WARN__DUPLICATE_METHOD_MATCH = YES;
				CODE_SIGN_IDENTITY = "iPhone Developer";
				COPY_PHASE_STRIP = NO;
				DEBUG_INFORMATION_FORMAT = "dwarf-with-dsym";
				ENABLE_NS_ASSERTIONS = NO;
				ENABLE_STRICT_OBJC_MSGSEND = YES;
				GCC_C_LANGUAGE_STANDARD = gnu11;
				GCC_NO_COMMON_BLOCKS = YES;
				GCC_WARN_64_TO_32_BIT_CONVERSION = YES;
				GCC_WARN_ABOUT_RETURN_TYPE = YES_ERROR;
				GCC_WARN_UNDECLARED_SELECTOR = YES;
				GCC_WARN_UNINITIALIZED_AUTOS = YES_AGGRESSIVE;
				GCC_WARN_UNUSED_FUNCTION = YES;
				GCC_WARN_UNUSED_VARIABLE = YES;
				IPHONEOS_DEPLOYMENT_TARGET = 11.4;
				MTL_ENABLE_DEBUG_INFO = NO;
				SDKROOT = iphoneos;
				SWIFT_COMPILATION_MODE = wholemodule;
				SWIFT_OPTIMIZATION_LEVEL = "-O";
				VALIDATE_PRODUCT = YES;
			};
			name = Release;
		};
		5397746721057994009A002F /* Debug */ = {
			isa = XCBuildConfiguration;
			buildSettings = {
				ASSETCATALOG_COMPILER_APPICON_NAME = AppIcon;
				CODE_SIGN_STYLE = Automatic;
				DEVELOPMENT_TEAM = LCN239U73A;
				INFOPLIST_FILE = "let's chat/SupportingFile/Info.plist";
				LD_RUNPATH_SEARCH_PATHS = (
					"$(inherited)",
					"@executable_path/Frameworks",
				);
				PRODUCT_BUNDLE_IDENTIFIER = "com.sam.let-s-chat";
				PRODUCT_NAME = "$(TARGET_NAME)";
				SWIFT_VERSION = 4.0;
				TARGETED_DEVICE_FAMILY = "1,2";
			};
			name = Debug;
		};
		5397746821057994009A002F /* Release */ = {
			isa = XCBuildConfiguration;
			buildSettings = {
				ASSETCATALOG_COMPILER_APPICON_NAME = AppIcon;
				CODE_SIGN_STYLE = Automatic;
				DEVELOPMENT_TEAM = LCN239U73A;
				INFOPLIST_FILE = "let's chat/SupportingFile/Info.plist";
				LD_RUNPATH_SEARCH_PATHS = (
					"$(inherited)",
					"@executable_path/Frameworks",
				);
				PRODUCT_BUNDLE_IDENTIFIER = "com.sam.let-s-chat";
				PRODUCT_NAME = "$(TARGET_NAME)";
				SWIFT_VERSION = 4.0;
				TARGETED_DEVICE_FAMILY = "1,2";
			};
			name = Release;
		};
/* End XCBuildConfiguration section */

/* Begin XCConfigurationList section */
		5397744F2105798C009A002F /* Build configuration list for PBXProject "let's chat" */ = {
			isa = XCConfigurationList;
			buildConfigurations = (
				5397746421057994009A002F /* Debug */,
				5397746521057994009A002F /* Release */,
			);
			defaultConfigurationIsVisible = 0;
			defaultConfigurationName = Release;
		};
		5397746621057994009A002F /* Build configuration list for PBXNativeTarget "let's chat" */ = {
			isa = XCConfigurationList;
			buildConfigurations = (
				5397746721057994009A002F /* Debug */,
				5397746821057994009A002F /* Release */,
			);
			defaultConfigurationIsVisible = 0;
			defaultConfigurationName = Release;
		};
/* End XCConfigurationList section */
	};
	rootObject = 5397744C2105798C009A002F /* Project object */;
}
